
Microsoft Visual Studio Solution File, Format Version 12.00
# Visual Studio 15
Project("{FAE04EC0-301F-11D3-BF4B-00C04F79EFBC}") = "SimpleWebTransport", "SimpleWebTransport.csproj", "{AB6C8696-B975-3CE3-5525-033F996C288D}"
EndProject
Project("{FAE04EC0-301F-11D3-BF4B-00C04F79EFBC}") = "Mirror", "Mirror.csproj", "{1BFD37F5-52D5-533A-4798-1A95191FC141}"
EndProject
Project("{FAE04EC0-301F-11D3-BF4B-00C04F79EFBC}") = "Mirror.Transports", "Mirror.Transports.csproj", "{8BA4F6B9-D7AB-449F-F02F-A67A990DA66C}"
EndProject
Project("{FAE04EC0-301F-11D3-BF4B-00C04F79EFBC}") = "Mirror.Components", "Mirror.Components.csproj", "{ED883B02-F87F-E10B-8D82-8F68D09894E3}"
EndProject
Project("{FAE04EC0-301F-11D3-BF4B-00C04F79EFBC}") = "Mirror.Examples", "Mirror.Examples.csproj", "{B6D003A5-F392-C251-8B3C-48919952FA77}"
EndProject
Project("{FAE04EC0-301F-11D3-BF4B-00C04F79EFBC}") = "kcp2k", "kcp2k.csproj", "{60796B5C-AD55-3F8C-AD70-F798709EE447}"
EndProject
Project("{FAE04EC0-301F-11D3-BF4B-00C04F79EFBC}") = "Mirror.Authenticators", "Mirror.Authenticators.csproj", "{5D159697-B6E3-6986-A1B8-561FC413BBD1}"
EndProject
Project("{FAE04EC0-301F-11D3-BF4B-00C04F79EFBC}") = "Telepathy", "Telepathy.csproj", "{C8D66086-0438-8351-1DAB-ED2AE1500219}"
EndProject
Project("{FAE04EC0-301F-11D3-BF4B-00C04F79EFBC}") = "Assembly-CSharp", "Assembly-CSharp.csproj", "{C10980A1-7595-0BE0-6E9F-A061603AE54F}"
EndProject
Project("{FAE04EC0-301F-11D3-BF4B-00C04F79EFBC}") = "Mirror.Hosting", "Mirror.Hosting.csproj", "{14B599AA-7B86-AF7F-07F2-C978E7882217}"
EndProject
Project("{FAE04EC0-301F-11D3-BF4B-00C04F79EFBC}") = "Unity.Mirror.CodeGen", "Unity.Mirror.CodeGen.csproj", "{3CC40DA6-AA39-F9A0-3E3B-14681A2FDC4E}"
EndProject
Project("{FAE04EC0-301F-11D3-BF4B-00C04F79EFBC}") = "Mirror.Editor", "Mirror.Editor.csproj", "{7A26E1EA-2A0A-D27C-DDB4-AFCAF75786D0}"
EndProject
Project("{FAE04EC0-301F-11D3-BF4B-00C04F79EFBC}") = "Mirror.CompilerSymbols", "Mirror.CompilerSymbols.csproj", "{F0C24CA1-5E4E-FD92-2B8D-07654226B1F2}"
EndProject
Project("{FAE04EC0-301F-11D3-BF4B-00C04F79EFBC}") = "EncryptionTransportEditor", "EncryptionTransportEditor.csproj", "{1F94F5DE-B948-DFC8-DD0C-5432DAB87C56}"
EndProject
Global
	GlobalSection(SolutionConfigurationPlatforms) = preSolution
		Debug|Any CPU = Debug|Any CPU
		Release|Any CPU = Release|Any CPU
	EndGlobalSection
	GlobalSection(ProjectConfigurationPlatforms) = postSolution
		{AB6C8696-B975-3CE3-5525-033F996C288D}.Debug|Any CPU.ActiveCfg = Debug|Any CPU
		{AB6C8696-B975-3CE3-5525-033F996C288D}.Debug|Any CPU.Build.0 = Debug|Any CPU
		{AB6C8696-B975-3CE3-5525-033F996C288D}.Release|Any CPU.ActiveCfg = Release|Any CPU
		{AB6C8696-B975-3CE3-5525-033F996C288D}.Release|Any CPU.Build.0 = Release|Any CPU
		{1BFD37F5-52D5-533A-4798-1A95191FC141}.Debug|Any CPU.ActiveCfg = Debug|Any CPU
		{1BFD37F5-52D5-533A-4798-1A95191FC141}.Debug|Any CPU.Build.0 = Debug|Any CPU
		{1BFD37F5-52D5-533A-4798-1A95191FC141}.Release|Any CPU.ActiveCfg = Release|Any CPU
		{1BFD37F5-52D5-533A-4798-1A95191FC141}.Release|Any CPU.Build.0 = Release|Any CPU
		{8BA4F6B9-D7AB-449F-F02F-A67A990DA66C}.Debug|Any CPU.ActiveCfg = Debug|Any CPU
		{8BA4F6B9-D7AB-449F-F02F-A67A990DA66C}.Debug|Any CPU.Build.0 = Debug|Any CPU
		{8BA4F6B9-D7AB-449F-F02F-A67A990DA66C}.Release|Any CPU.ActiveCfg = Release|Any CPU
		{8BA4F6B9-D7AB-449F-F02F-A67A990DA66C}.Release|Any CPU.Build.0 = Release|Any CPU
		{ED883B02-F87F-E10B-8D82-8F68D09894E3}.Debug|Any CPU.ActiveCfg = Debug|Any CPU
		{ED883B02-F87F-E10B-8D82-8F68D09894E3}.Debug|Any CPU.Build.0 = Debug|Any CPU
		{ED883B02-F87F-E10B-8D82-8F68D09894E3}.Release|Any CPU.ActiveCfg = Release|Any CPU
		{ED883B02-F87F-E10B-8D82-8F68D09894E3}.Release|Any CPU.Build.0 = Release|Any CPU
		{B6D003A5-F392-C251-8B3C-48919952FA77}.Debug|Any CPU.ActiveCfg = Debug|Any CPU
		{B6D003A5-F392-C251-8B3C-48919952FA77}.Debug|Any CPU.Build.0 = Debug|Any CPU
		{B6D003A5-F392-C251-8B3C-48919952FA77}.Release|Any CPU.ActiveCfg = Release|Any CPU
		{B6D003A5-F392-C251-8B3C-48919952FA77}.Release|Any CPU.Build.0 = Release|Any CPU
		{60796B5C-AD55-3F8C-AD70-F798709EE447}.Debug|Any CPU.ActiveCfg = Debug|Any CPU
		{60796B5C-AD55-3F8C-AD70-F798709EE447}.Debug|Any CPU.Build.0 = Debug|Any CPU
		{60796B5C-AD55-3F8C-AD70-F798709EE447}.Release|Any CPU.ActiveCfg = Release|Any CPU
		{60796B5C-AD55-3F8C-AD70-F798709EE447}.Release|Any CPU.Build.0 = Release|Any CPU
		{5D159697-B6E3-6986-A1B8-561FC413BBD1}.Debug|Any CPU.ActiveCfg = Debug|Any CPU
		{5D159697-B6E3-6986-A1B8-561FC413BBD1}.Debug|Any CPU.Build.0 = Debug|Any CPU
		{5D159697-B6E3-6986-A1B8-561FC413BBD1}.Release|Any CPU.ActiveCfg = Release|Any CPU
		{5D159697-B6E3-6986-A1B8-561FC413BBD1}.Release|Any CPU.Build.0 = Release|Any CPU
		{C8D66086-0438-8351-1DAB-ED2AE1500219}.Debug|Any CPU.ActiveCfg = Debug|Any CPU
		{C8D66086-0438-8351-1DAB-ED2AE1500219}.Debug|Any CPU.Build.0 = Debug|Any CPU
		{C8D66086-0438-8351-1DAB-ED2AE1500219}.Release|Any CPU.ActiveCfg = Release|Any CPU
		{C8D66086-0438-8351-1DAB-ED2AE1500219}.Release|Any CPU.Build.0 = Release|Any CPU
		{C10980A1-7595-0BE0-6E9F-A061603AE54F}.Debug|Any CPU.ActiveCfg = Debug|Any CPU
		{C10980A1-7595-0BE0-6E9F-A061603AE54F}.Debug|Any CPU.Build.0 = Debug|Any CPU
		{C10980A1-7595-0BE0-6E9F-A061603AE54F}.Release|Any CPU.ActiveCfg = Release|Any CPU
		{C10980A1-7595-0BE0-6E9F-A061603AE54F}.Release|Any CPU.Build.0 = Release|Any CPU
		{14B599AA-7B86-AF7F-07F2-C978E7882217}.Debug|Any CPU.ActiveCfg = Debug|Any CPU
		{14B599AA-7B86-AF7F-07F2-C978E7882217}.Debug|Any CPU.Build.0 = Debug|Any CPU
		{14B599AA-7B86-AF7F-07F2-C978E7882217}.Release|Any CPU.ActiveCfg = Release|Any CPU
		{14B599AA-7B86-AF7F-07F2-C978E7882217}.Release|Any CPU.Build.0 = Release|Any CPU
		{3CC40DA6-AA39-F9A0-3E3B-14681A2FDC4E}.Debug|Any CPU.ActiveCfg = Debug|Any CPU
		{3CC40DA6-AA39-F9A0-3E3B-14681A2FDC4E}.Debug|Any CPU.Build.0 = Debug|Any CPU
		{3CC40DA6-AA39-F9A0-3E3B-14681A2FDC4E}.Release|Any CPU.ActiveCfg = Release|Any CPU
		{3CC40DA6-AA39-F9A0-3E3B-14681A2FDC4E}.Release|Any CPU.Build.0 = Release|Any CPU
		{7A26E1EA-2A0A-D27C-DDB4-AFCAF75786D0}.Debug|Any CPU.ActiveCfg = Debug|Any CPU
		{7A26E1EA-2A0A-D27C-DDB4-AFCAF75786D0}.Debug|Any CPU.Build.0 = Debug|Any CPU
		{7A26E1EA-2A0A-D27C-DDB4-AFCAF75786D0}.Release|Any CPU.ActiveCfg = Release|Any CPU
		{7A26E1EA-2A0A-D27C-DDB4-AFCAF75786D0}.Release|Any CPU.Build.0 = Release|Any CPU
		{F0C24CA1-5E4E-FD92-2B8D-07654226B1F2}.Debug|Any CPU.ActiveCfg = Debug|Any CPU
		{F0C24CA1-5E4E-FD92-2B8D-07654226B1F2}.Debug|Any CPU.Build.0 = Debug|Any CPU
		{F0C24CA1-5E4E-FD92-2B8D-07654226B1F2}.Release|Any CPU.ActiveCfg = Release|Any CPU
		{F0C24CA1-5E4E-FD92-2B8D-07654226B1F2}.Release|Any CPU.Build.0 = Release|Any CPU
		{1F94F5DE-B948-DFC8-DD0C-5432DAB87C56}.Debug|Any CPU.ActiveCfg = Debug|Any CPU
		{1F94F5DE-B948-DFC8-DD0C-5432DAB87C56}.Debug|Any CPU.Build.0 = Debug|Any CPU
		{1F94F5DE-B948-DFC8-DD0C-5432DAB87C56}.Release|Any CPU.ActiveCfg = Release|Any CPU
		{1F94F5DE-B948-DFC8-DD0C-5432DAB87C56}.Release|Any CPU.Build.0 = Release|Any CPU
	EndGlobalSection
	GlobalSection(SolutionProperties) = preSolution
		HideSolutionNode = FALSE
	EndGlobalSection
EndGlobal
